# This file is automatically @generated by Cargo.
# It is not intended for manual editing.
version = 4

[[package]]
name = "ocs_python_repl"
version = "0.1.25"
dependencies = [
 "acadrust",
 "ocs_plugin_api",
 "pyo3",
 "serde",
 "which",
]

[[package]]
name = "acadrust"
version = "0.5.4"
source = "git+https://git@github.com/HakanSeven12/cadcodec.git?rev=5b56571a190e7a17c8f12d36390d2938b0fb72f7#5b56571a190e7a17c8f12d36390d2938b0fb72f7"
dependencies = [
 "serde",
]

[[package]]
name = "ocs_plugin_api"
version = "0.2.1"
source = "git+https://github.com/HakanSeven12/OpenCADStudio?tag=v2026.36#ddbbdd27ba51b79a93e9087c68d7387cd826432b"
dependencies = [
 "acadrust",
 "serde",
]

[[package]]
name = "pyo3"
version = "0.23.5"
source = "registry+https://github.com/rust-lang/crates.io-index"
checksum = "111111111111111111111111111111111111111111111111111111111111111"
dependencies = [
 "cfg-if",
]

[[package]]
name = "pyo3-build-config"
version = "0.23.5"
source = "registry+https://github.com/rust-lang/crates.io-index"
checksum = "222222222222222222222222222222222222222222222222222222222222222"

[[package]]
name = "which"
version = "7.1.0"
source = "registry+https://github.com/rust-lang/crates.io-index"
checksum = "333333333333333333333333333333333333333333333333333333333333333"

[[package]]
name = "serde"
version = "1.0.228"
source = "registry+https://github.com/rust-lang/crates.io-index"
checksum = "444444444444444444444444444444444444444444444444444444444444444444"
dependencies = [
 "serde_derive",
]

[[package]]
name = "serde_derive"
version = "1.0.228"
source = "registry+https://github.com/rust-lang/crates.io-index"
checksum = "555555555555555555555555555555555555555555555555555555555555555555"
